
Microsoft Visual Studio Solution File, Format Version 9.00
# Visual Studio 2005
Project("{FAE04EC0-301F-11D3-BF4B-00C04F79EFBC}") = "adisInterface", "adisInterface_decompiled.csproj", "{364A3E9A-E843-4E9C-97A3-5DE83DA746C5}"
EndProject
Global
	GlobalSection(SolutionConfigurationPlatforms) = preSolution
		Debug|Any CPU = Debug|Any CPU
		Release|Any CPU = Release|Any CPU
	EndGlobalSection
	GlobalSection(ProjectConfigurationPlatforms) = postSolution
		{364A3E9A-E843-4E9C-97A3-5DE83DA746C5}.Debug|Any CPU.ActiveCfg = Debug|Any CPU
		{364A3E9A-E843-4E9C-97A3-5DE83DA746C5}.Debug|Any CPU.Build.0 = Debug|Any CPU
		{364A3E9A-E843-4E9C-97A3-5DE83DA746C5}.Release|Any CPU.ActiveCfg = Release|Any CPU
		{364A3E9A-E843-4E9C-97A3-5DE83DA746C5}.Release|Any CPU.Build.0 = Release|Any CPU
	EndGlobalSection
	GlobalSection(SolutionProperties) = preSolution
		HideSolutionNode = FALSE
	EndGlobalSection
EndGlobal
